{
    "version": 3,
    "terraform_version": "0.11.13",
    "serial": 2,
    "lineage": "82a12e7a-78c7-ca43-5ae2-7e5dbcb8dd87",
    "modules": [
        {
            "path": [
                "root"
            ],
            "outputs": {},
            "resources": {
                "random_string.aks": {
                    "type": "random_string",
                    "depends_on": [],
                    "primary": {
                        "id": "HOQ2IY6C",
                        "attributes": {
                            "id": "HOQ2IY6C",
                            "length": "8",
                            "lower": "true",
                            "min_lower": "0",
                            "min_numeric": "0",
                            "min_special": "0",
                            "min_upper": "0",
                            "number": "true",
                            "result": "HOQ2IY6C",
                            "special": "false",
                            "upper": "true"
                        },
                        "meta": {
                            "schema_version": "1"
                        },
                        "tainted": false
                    },
                    "deposed": [],
                    "provider": "provider.random"
                }
            },
            "depends_on": []
        },
        {
            "path": [
                "root",
                "service_principal"
            ],
            "outputs": {},
            "resources": {},
            "depends_on": []
        }
    ]
}
